
Microsoft Visual Studio Solution File, Format Version 12.00
# Visual Studio Version 17
VisualStudioVersion = 17.1.32328.378
MinimumVisualStudioVersion = 10.0.40219.1
Project("{9A19103F-16F7-4668-BE54-9A1E7A4F7556}") = "MessageSenderServiceApi", "src\MessageSenderServiceApi\MessageSenderServiceApi.csproj", "{7DD75664-3192-4B88-9B34-9B308216D2FD}"
EndProject
Project("{9A19103F-16F7-4668-BE54-9A1E7A4F7556}") = "MessageSenderServiceApi.Contracts", "src\MessageSenderServiceApi.Contracts\MessageSenderServiceApi.Contracts.csproj", "{F6435890-3B6D-49BD-A8A4-C49F5744DA9B}"
EndProject
Project("{9A19103F-16F7-4668-BE54-9A1E7A4F7556}") = "MessageSenderServiceApi.Domain", "src\MessageSenderServiceApi.Domain\MessageSenderServiceApi.Domain.csproj", "{68032935-21CF-4C32-9C29-028EF90E332E}"
EndProject
Project("{9A19103F-16F7-4668-BE54-9A1E7A4F7556}") = "MessageSenderServiceApi.Infrastructure", "src\MessageSenderServiceApi.Infrastructure\MessageSenderServiceApi.Infrastructure.csproj", "{FB6C8942-AA3A-40A2-9658-07091D01714D}"
EndProject
Project("{9A19103F-16F7-4668-BE54-9A1E7A4F7556}") = "MessageSenderServiceApi.Tests", "src\MessageSenderServiceApi.Tests\MessageSenderServiceApi.Tests.csproj", "{CC2327E6-EB55-4DF6-957B-AB95191609A3}"
EndProject
Project("{FAE04EC0-301F-11D3-BF4B-00C04F79EFBC}") = "MessageSenderServiceApi.Packages", "src\MessageSenderServiceApi.Packages\MessageSenderServiceApi.Packages.csproj", "{3F7074C9-6BD1-47CD-8BBA-7C2D234E1767}"
EndProject
Global
	GlobalSection(SolutionConfigurationPlatforms) = preSolution
		Debug|Any CPU = Debug|Any CPU
		Release|Any CPU = Release|Any CPU
	EndGlobalSection
	GlobalSection(ProjectConfigurationPlatforms) = postSolution
		{7DD75664-3192-4B88-9B34-9B308216D2FD}.Debug|Any CPU.ActiveCfg = Debug|Any CPU
		{7DD75664-3192-4B88-9B34-9B308216D2FD}.Debug|Any CPU.Build.0 = Debug|Any CPU
		{7DD75664-3192-4B88-9B34-9B308216D2FD}.Release|Any CPU.ActiveCfg = Release|Any CPU
		{7DD75664-3192-4B88-9B34-9B308216D2FD}.Release|Any CPU.Build.0 = Release|Any CPU
		{F6435890-3B6D-49BD-A8A4-C49F5744DA9B}.Debug|Any CPU.ActiveCfg = Debug|Any CPU
		{F6435890-3B6D-49BD-A8A4-C49F5744DA9B}.Debug|Any CPU.Build.0 = Debug|Any CPU
		{F6435890-3B6D-49BD-A8A4-C49F5744DA9B}.Release|Any CPU.ActiveCfg = Release|Any CPU
		{F6435890-3B6D-49BD-A8A4-C49F5744DA9B}.Release|Any CPU.Build.0 = Release|Any CPU
		{68032935-21CF-4C32-9C29-028EF90E332E}.Debug|Any CPU.ActiveCfg = Debug|Any CPU
		{68032935-21CF-4C32-9C29-028EF90E332E}.Debug|Any CPU.Build.0 = Debug|Any CPU
		{68032935-21CF-4C32-9C29-028EF90E332E}.Release|Any CPU.ActiveCfg = Release|Any CPU
		{68032935-21CF-4C32-9C29-028EF90E332E}.Release|Any CPU.Build.0 = Release|Any CPU
		{FB6C8942-AA3A-40A2-9658-07091D01714D}.Debug|Any CPU.ActiveCfg = Debug|Any CPU
		{FB6C8942-AA3A-40A2-9658-07091D01714D}.Debug|Any CPU.Build.0 = Debug|Any CPU
		{FB6C8942-AA3A-40A2-9658-07091D01714D}.Release|Any CPU.ActiveCfg = Release|Any CPU
		{FB6C8942-AA3A-40A2-9658-07091D01714D}.Release|Any CPU.Build.0 = Release|Any CPU
		{CC2327E6-EB55-4DF6-957B-AB95191609A3}.Debug|Any CPU.ActiveCfg = Debug|Any CPU
		{CC2327E6-EB55-4DF6-957B-AB95191609A3}.Debug|Any CPU.Build.0 = Debug|Any CPU
		{CC2327E6-EB55-4DF6-957B-AB95191609A3}.Release|Any CPU.ActiveCfg = Release|Any CPU
		{CC2327E6-EB55-4DF6-957B-AB95191609A3}.Release|Any CPU.Build.0 = Release|Any CPU
		{3F7074C9-6BD1-47CD-8BBA-7C2D234E1767}.Debug|Any CPU.ActiveCfg = Debug|Any CPU
		{3F7074C9-6BD1-47CD-8BBA-7C2D234E1767}.Debug|Any CPU.Build.0 = Debug|Any CPU
		{3F7074C9-6BD1-47CD-8BBA-7C2D234E1767}.Release|Any CPU.ActiveCfg = Release|Any CPU
		{3F7074C9-6BD1-47CD-8BBA-7C2D234E1767}.Release|Any CPU.Build.0 = Release|Any CPU
	EndGlobalSection
	GlobalSection(SolutionProperties) = preSolution
		HideSolutionNode = FALSE
	EndGlobalSection
	GlobalSection(ExtensibilityGlobals) = postSolution
		SolutionGuid = {F41BDA05-7429-4304-83CE-C8CFEC6EF0C8}
	EndGlobalSection
EndGlobal
